<?xml version="1.0" encoding="UTF-8"?>
<Scheme LastUpgradeVersion="2610" version="1.3">
<BuildAction parallelizeBuildables="YES" buildImplicitDependencies="YES"><BuildActionEntries><BuildActionEntry buildForTesting="YES" buildForRunning="YES" buildForProfiling="YES" buildForArchiving="YES" buildForAnalyzing="YES"><BuildableReference BuildableIdentifier="primary" BlueprintIdentifier="E0ADCAF8C9DEDECAE62C87AB" BuildableName="RingDrive.app" BlueprintName="RingDrive" ReferencedContainer="container:RingDrive.xcodeproj"/></BuildActionEntry></BuildActionEntries></BuildAction>
<TestAction buildConfiguration="Debug" selectedDebuggerIdentifier="Xcode.DebuggerFoundation.Debugger.LLDB" selectedLauncherIdentifier="Xcode.IDEFoundation.Launcher.LLDB" shouldUseLaunchSchemeArgsEnv="YES"><Testables><TestableReference skipped="NO"><BuildableReference BuildableIdentifier="primary" BlueprintIdentifier="05629C7D7E0B53FE335D208F" BuildableName="RingDriveUITests.xctest" BlueprintName="RingDriveUITests" ReferencedContainer="container:RingDrive.xcodeproj"/></TestableReference></Testables></TestAction>
<LaunchAction buildConfiguration="Debug" selectedDebuggerIdentifier="Xcode.DebuggerFoundation.Debugger.LLDB" selectedLauncherIdentifier="Xcode.IDEFoundation.Launcher.LLDB" launchStyle="0" useCustomWorkingDirectory="NO" ignoresPersistentStateOnLaunch="NO" debugDocumentVersioning="YES" debugServiceExtension="internal" allowLocationSimulation="YES"><BuildableProductRunnable runnableDebuggingMode="0"><BuildableReference BuildableIdentifier="primary" BlueprintIdentifier="E0ADCAF8C9DEDECAE62C87AB" BuildableName="RingDrive.app" BlueprintName="RingDrive" ReferencedContainer="container:RingDrive.xcodeproj"/></BuildableProductRunnable></LaunchAction>
<ProfileAction buildConfiguration="Release" shouldUseLaunchSchemeArgsEnv="YES" savedToolIdentifier="" useCustomWorkingDirectory="NO" debugDocumentVersioning="YES"><BuildableProductRunnable runnableDebuggingMode="0"><BuildableReference BuildableIdentifier="primary" BlueprintIdentifier="E0ADCAF8C9DEDECAE62C87AB" BuildableName="RingDrive.app" BlueprintName="RingDrive" ReferencedContainer="container:RingDrive.xcodeproj"/></BuildableProductRunnable></ProfileAction>
<AnalyzeAction buildConfiguration="Debug"/><ArchiveAction buildConfiguration="Release" revealArchiveInOrganizer="YES"/>
</Scheme>