// !$*UTF8*$!
{archiveVersion = 1; classes = {}; objectVersion = 56; objects = {
582681C2EAE02B3F3D399C0C = {isa = XCLocalSwiftPackageReference; relativePath = .;};
8D6A224FA1D1DD751157EB0C = {isa = XCSwiftPackageProductDependency; package = 582681C2EAE02B3F3D399C0C; productName = RingDriveCore;};
D9F82689E8F760ECED47CA3E = {isa = PBXBuildFile; productRef = 8D6A224FA1D1DD751157EB0C;};
A420891D8704D65D10DD40E6 = {isa = PBXFileReference; lastKnownFileType = sourcecode.swift; path = "iOS/App/AppModel.swift"; sourceTree = SOURCE_ROOT;};
05369C2C6F32BCF62BB5AD12 = {isa = PBXBuildFile; fileRef = A420891D8704D65D10DD40E6;};
F96CD0C1E518D2F886567D2F = {isa = PBXFileReference; lastKnownFileType = sourcecode.swift; path = "iOS/App/HouseholdViews.swift"; sourceTree = SOURCE_ROOT;};
606646EFF09C9869874C1832 = {isa = PBXBuildFile; fileRef = F96CD0C1E518D2F886567D2F;};
DC21677D5968ED7AB814418F = {isa = PBXFileReference; lastKnownFileType = sourcecode.swift; path = "iOS/App/Intents.swift"; sourceTree = SOURCE_ROOT;};
64D24C4A8CFE8ABD054E7CF4 = {isa = PBXBuildFile; fileRef = DC21677D5968ED7AB814418F;};
A4614973C3E8797D516CD7DC = {isa = PBXFileReference; lastKnownFileType = sourcecode.swift; path = "iOS/App/PlatformServices.swift"; sourceTree = SOURCE_ROOT;};
18D3DC6C8CFE6961BEA3385A = {isa = PBXBuildFile; fileRef = A4614973C3E8797D516CD7DC;};
2DA9C2CEDC4AF39F26E17CDD = {isa = PBXFileReference; lastKnownFileType = sourcecode.swift; path = "iOS/App/RingDriveApp.swift"; sourceTree = SOURCE_ROOT;};
A31CA72387EAF504AA10A676 = {isa = PBXBuildFile; fileRef = 2DA9C2CEDC4AF39F26E17CDD;};
7D2044A58961745E0005BC7F = {isa = PBXFileReference; lastKnownFileType = sourcecode.swift; path = "iOS/App/Views.swift"; sourceTree = SOURCE_ROOT;};
B0B6C608355C127B5D47AA58 = {isa = PBXBuildFile; fileRef = 7D2044A58961745E0005BC7F;};
E1724F595E2CF7D2F2A352CF = {isa = PBXFileReference; lastKnownFileType = sourcecode.swift; path = "iOS/Shared/DriveActivityAttributes.swift"; sourceTree = SOURCE_ROOT;};
63A522B988FEF941C1BB365F = {isa = PBXBuildFile; fileRef = E1724F595E2CF7D2F2A352CF;};
1F5BE24C34ECF8C71839C833 = {isa = PBXFileReference; lastKnownFileType = sourcecode.swift; path = "iOS/CarPlay/CarPlaySceneDelegate.swift"; sourceTree = SOURCE_ROOT;};
B818809CBF752E8F623E95DC = {isa = PBXBuildFile; fileRef = 1F5BE24C34ECF8C71839C833;};
29018417F03D853E831F4CB9 = {isa = PBXSourcesBuildPhase; buildActionMask = 2147483647; files = (05369C2C6F32BCF62BB5AD12, 606646EFF09C9869874C1832, 64D24C4A8CFE8ABD054E7CF4, 18D3DC6C8CFE6961BEA3385A, A31CA72387EAF504AA10A676, B0B6C608355C127B5D47AA58, 63A522B988FEF941C1BB365F, B818809CBF752E8F623E95DC, ); runOnlyForDeploymentPostprocessing = 0;};
207D9DA83A90CF6D088C1A86 = {isa = PBXFrameworksBuildPhase; buildActionMask = 2147483647; files = (D9F82689E8F760ECED47CA3E, ); runOnlyForDeploymentPostprocessing = 0;};
2253B6E24E6199FD6492B200 = {isa = PBXFileReference; lastKnownFileType = file; path = "iOS/Resources/demo-incident.mp4"; sourceTree = SOURCE_ROOT;};
0050603E9299E1CEBB858361 = {isa = PBXBuildFile; fileRef = 2253B6E24E6199FD6492B200;};
EEC4503C47082D5F68806761 = {isa = PBXFileReference; lastKnownFileType = folder.assetcatalog; path = "iOS/Resources/Assets.xcassets"; sourceTree = SOURCE_ROOT;};
211DDD567ED10737D07DF452 = {isa = PBXBuildFile; fileRef = EEC4503C47082D5F68806761;};
0188AE52A802292DD3B56165 = {isa = PBXResourcesBuildPhase; buildActionMask = 2147483647; files = (0050603E9299E1CEBB858361, 211DDD567ED10737D07DF452, ); runOnlyForDeploymentPostprocessing = 0;};
471D301ED3A6F4F0E77B28D0 = {isa = PBXBuildFile; fileRef = 8EC59DBC8A0C30D94F2F6580; settings = {ATTRIBUTES = (RemoveHeadersOnCopy, );};};
BB27AD7BBFDDAC09C73BE453 = {isa = PBXCopyFilesBuildPhase; buildActionMask = 2147483647; dstPath = ""; dstSubfolderSpec = 13; files = (471D301ED3A6F4F0E77B28D0, ); name = "Embed App Extensions"; runOnlyForDeploymentPostprocessing = 0;};
937A01D863611CD7A85B6FE9 = {isa = PBXContainerItemProxy; containerPortal = 98F54143AB4E86B28C3AFEE0; proxyType = 1; remoteGlobalIDString = 27C65A123966ECBE84B0367C; remoteInfo = RingDriveWidgets;};
A9181351A1FEE60D4A78323F = {isa = PBXTargetDependency; target = 27C65A123966ECBE84B0367C; targetProxy = 937A01D863611CD7A85B6FE9;};
FD1AC4492A5502AFC52CE8A2 = {isa = XCBuildConfiguration; buildSettings = {PRODUCT_BUNDLE_IDENTIFIER = "dev.ringdrive.demo";PRODUCT_NAME = "$(TARGET_NAME)";SWIFT_VERSION = "5.0";IPHONEOS_DEPLOYMENT_TARGET = "26.0";TARGETED_DEVICE_FAMILY = "1";CODE_SIGN_STYLE = "Automatic";CURRENT_PROJECT_VERSION = "1";MARKETING_VERSION = "0.1.0";SWIFT_OPTIMIZATION_LEVEL = "-Onone";SDKROOT = "iphoneos";SUPPORTED_PLATFORMS = "iphoneos iphonesimulator";LD_RUNPATH_SEARCH_PATHS = "$(inherited) @executable_path/Frameworks";GENERATE_INFOPLIST_FILE = "NO";INFOPLIST_FILE = "iOS/App/Info.plist";ASSETCATALOG_COMPILER_APPICON_NAME = "AppIcon";ENABLE_PREVIEWS = "YES";SWIFT_ACTIVE_COMPILATION_CONDITIONS = "$(inherited) DEBUG";ONLY_ACTIVE_ARCH = "YES";}; name = Debug;};
F756FF16EF5D9E3D29BFD53F = {isa = XCBuildConfiguration; buildSettings = {PRODUCT_BUNDLE_IDENTIFIER = "dev.ringdrive.demo";PRODUCT_NAME = "$(TARGET_NAME)";SWIFT_VERSION = "5.0";IPHONEOS_DEPLOYMENT_TARGET = "26.0";TARGETED_DEVICE_FAMILY = "1";CODE_SIGN_STYLE = "Automatic";CURRENT_PROJECT_VERSION = "1";MARKETING_VERSION = "0.1.0";SWIFT_OPTIMIZATION_LEVEL = "-O";SDKROOT = "iphoneos";SUPPORTED_PLATFORMS = "iphoneos iphonesimulator";LD_RUNPATH_SEARCH_PATHS = "$(inherited) @executable_path/Frameworks";GENERATE_INFOPLIST_FILE = "NO";INFOPLIST_FILE = "iOS/App/Info.plist";ASSETCATALOG_COMPILER_APPICON_NAME = "AppIcon";ENABLE_PREVIEWS = "YES";}; name = Release;};
4C4E3D8F76BD0304BA024852 = {isa = XCConfigurationList; buildConfigurations = (FD1AC4492A5502AFC52CE8A2, F756FF16EF5D9E3D29BFD53F, ); defaultConfigurationIsVisible = 0; defaultConfigurationName = Release;};
54D9F9126E6BF6E68CC794AD = {isa = PBXFileReference; explicitFileType = wrapper.application; includeInIndex = 0; path = RingDrive.app; sourceTree = BUILT_PRODUCTS_DIR;};
E0ADCAF8C9DEDECAE62C87AB = {isa = PBXNativeTarget; buildConfigurationList = 4C4E3D8F76BD0304BA024852; buildPhases = (29018417F03D853E831F4CB9, 207D9DA83A90CF6D088C1A86, 0188AE52A802292DD3B56165, BB27AD7BBFDDAC09C73BE453, ); buildRules = (); dependencies = (A9181351A1FEE60D4A78323F, ); name = RingDrive; packageProductDependencies = (8D6A224FA1D1DD751157EB0C, ); productName = RingDrive; productReference = 54D9F9126E6BF6E68CC794AD; productType = "com.apple.product-type.application";};
827F4D7DCDA84A86FACD8F94 = {isa = PBXFileReference; lastKnownFileType = sourcecode.swift; path = "iOS/Widgets/RingDriveWidgets.swift"; sourceTree = SOURCE_ROOT;};
808EE2188971925A9FB5B7D8 = {isa = PBXBuildFile; fileRef = 827F4D7DCDA84A86FACD8F94;};
C1B84403B68009BFAB236266 = {isa = PBXBuildFile; fileRef = E1724F595E2CF7D2F2A352CF;};
8748C4B445631E19E9C564DB = {isa = PBXSourcesBuildPhase; buildActionMask = 2147483647; files = (808EE2188971925A9FB5B7D8, C1B84403B68009BFAB236266, ); runOnlyForDeploymentPostprocessing = 0;};
C08A13E2D402C60EFF1836A8 = {isa = PBXFrameworksBuildPhase; buildActionMask = 2147483647; files = (); runOnlyForDeploymentPostprocessing = 0;};
8AA8225931BCACD4E1F40344 = {isa = PBXResourcesBuildPhase; buildActionMask = 2147483647; files = (); runOnlyForDeploymentPostprocessing = 0;};
A929056BD072C3E265A42249 = {isa = XCBuildConfiguration; buildSettings = {PRODUCT_BUNDLE_IDENTIFIER = "dev.ringdrive.demo.widgets";PRODUCT_NAME = "$(TARGET_NAME)";SWIFT_VERSION = "5.0";IPHONEOS_DEPLOYMENT_TARGET = "26.0";TARGETED_DEVICE_FAMILY = "1";CODE_SIGN_STYLE = "Automatic";CURRENT_PROJECT_VERSION = "1";MARKETING_VERSION = "0.1.0";SWIFT_OPTIMIZATION_LEVEL = "-Onone";SDKROOT = "iphoneos";SUPPORTED_PLATFORMS = "iphoneos iphonesimulator";LD_RUNPATH_SEARCH_PATHS = "$(inherited) @executable_path/Frameworks @executable_path/../../Frameworks";GENERATE_INFOPLIST_FILE = "NO";INFOPLIST_FILE = "iOS/Widgets/Info.plist";APPLICATION_EXTENSION_API_ONLY = "YES";SKIP_INSTALL = "YES";SWIFT_ACTIVE_COMPILATION_CONDITIONS = "$(inherited) DEBUG";ONLY_ACTIVE_ARCH = "YES";}; name = Debug;};
EFB5248D9C2296C85D6E5972 = {isa = XCBuildConfiguration; buildSettings = {PRODUCT_BUNDLE_IDENTIFIER = "dev.ringdrive.demo.widgets";PRODUCT_NAME = "$(TARGET_NAME)";SWIFT_VERSION = "5.0";IPHONEOS_DEPLOYMENT_TARGET = "26.0";TARGETED_DEVICE_FAMILY = "1";CODE_SIGN_STYLE = "Automatic";CURRENT_PROJECT_VERSION = "1";MARKETING_VERSION = "0.1.0";SWIFT_OPTIMIZATION_LEVEL = "-O";SDKROOT = "iphoneos";SUPPORTED_PLATFORMS = "iphoneos iphonesimulator";LD_RUNPATH_SEARCH_PATHS = "$(inherited) @executable_path/Frameworks @executable_path/../../Frameworks";GENERATE_INFOPLIST_FILE = "NO";INFOPLIST_FILE = "iOS/Widgets/Info.plist";APPLICATION_EXTENSION_API_ONLY = "YES";SKIP_INSTALL = "YES";}; name = Release;};
B45BF3244383823FD59C7FC9 = {isa = XCConfigurationList; buildConfigurations = (A929056BD072C3E265A42249, EFB5248D9C2296C85D6E5972, ); defaultConfigurationIsVisible = 0; defaultConfigurationName = Release;};
8EC59DBC8A0C30D94F2F6580 = {isa = PBXFileReference; explicitFileType = wrapper.app-extension; includeInIndex = 0; path = RingDriveWidgets.appex; sourceTree = BUILT_PRODUCTS_DIR;};
27C65A123966ECBE84B0367C = {isa = PBXNativeTarget; buildConfigurationList = B45BF3244383823FD59C7FC9; buildPhases = (8748C4B445631E19E9C564DB, C08A13E2D402C60EFF1836A8, 8AA8225931BCACD4E1F40344, ); buildRules = (); dependencies = (); name = RingDriveWidgets; packageProductDependencies = (); productName = RingDriveWidgets; productReference = 8EC59DBC8A0C30D94F2F6580; productType = "com.apple.product-type.app-extension";};
D29EEED24203018D9C7C0883 = {isa = PBXFileReference; lastKnownFileType = sourcecode.swift; path = "iOS/UITests/RingDriveUITests.swift"; sourceTree = SOURCE_ROOT;};
CA06E1C3513CAED046015DE4 = {isa = PBXBuildFile; fileRef = D29EEED24203018D9C7C0883;};
4692FA28304B0BB311917972 = {isa = PBXSourcesBuildPhase; buildActionMask = 2147483647; files = (CA06E1C3513CAED046015DE4, ); runOnlyForDeploymentPostprocessing = 0;};
D31002C37D38132B4A3B4DDD = {isa = PBXFrameworksBuildPhase; buildActionMask = 2147483647; files = (); runOnlyForDeploymentPostprocessing = 0;};
FDB7BEF4EBD4567E662756F6 = {isa = PBXResourcesBuildPhase; buildActionMask = 2147483647; files = (); runOnlyForDeploymentPostprocessing = 0;};
EEE53D504AFCC8D4B0AA715A = {isa = PBXContainerItemProxy; containerPortal = 98F54143AB4E86B28C3AFEE0; proxyType = 1; remoteGlobalIDString = E0ADCAF8C9DEDECAE62C87AB; remoteInfo = RingDrive;};
73996D0FF31A2C017A5EAC0F = {isa = PBXTargetDependency; target = E0ADCAF8C9DEDECAE62C87AB; targetProxy = EEE53D504AFCC8D4B0AA715A;};
088F64EA37335F54E9CDEC3D = {isa = XCBuildConfiguration; buildSettings = {PRODUCT_BUNDLE_IDENTIFIER = "dev.ringdrive.demo.uitests";PRODUCT_NAME = "$(TARGET_NAME)";SWIFT_VERSION = "5.0";IPHONEOS_DEPLOYMENT_TARGET = "26.0";TARGETED_DEVICE_FAMILY = "1";CODE_SIGN_STYLE = "Automatic";CURRENT_PROJECT_VERSION = "1";MARKETING_VERSION = "0.1.0";SWIFT_OPTIMIZATION_LEVEL = "-Onone";SDKROOT = "iphoneos";SUPPORTED_PLATFORMS = "iphoneos iphonesimulator";LD_RUNPATH_SEARCH_PATHS = "$(inherited) @executable_path/Frameworks";GENERATE_INFOPLIST_FILE = "YES";TEST_TARGET_NAME = "RingDrive";SWIFT_ACTIVE_COMPILATION_CONDITIONS = "$(inherited) DEBUG";ONLY_ACTIVE_ARCH = "YES";}; name = Debug;};
6B1B5BD6A764CAC136012E38 = {isa = XCBuildConfiguration; buildSettings = {PRODUCT_BUNDLE_IDENTIFIER = "dev.ringdrive.demo.uitests";PRODUCT_NAME = "$(TARGET_NAME)";SWIFT_VERSION = "5.0";IPHONEOS_DEPLOYMENT_TARGET = "26.0";TARGETED_DEVICE_FAMILY = "1";CODE_SIGN_STYLE = "Automatic";CURRENT_PROJECT_VERSION = "1";MARKETING_VERSION = "0.1.0";SWIFT_OPTIMIZATION_LEVEL = "-O";SDKROOT = "iphoneos";SUPPORTED_PLATFORMS = "iphoneos iphonesimulator";LD_RUNPATH_SEARCH_PATHS = "$(inherited) @executable_path/Frameworks";GENERATE_INFOPLIST_FILE = "YES";TEST_TARGET_NAME = "RingDrive";}; name = Release;};
25F5CA5C7B51585A9DF3F8CF = {isa = XCConfigurationList; buildConfigurations = (088F64EA37335F54E9CDEC3D, 6B1B5BD6A764CAC136012E38, ); defaultConfigurationIsVisible = 0; defaultConfigurationName = Release;};
BBFBF3FB48A0FFE36B35F80C = {isa = PBXFileReference; explicitFileType = wrapper.cfbundle; includeInIndex = 0; path = RingDriveUITests.xctest; sourceTree = BUILT_PRODUCTS_DIR;};
05629C7D7E0B53FE335D208F = {isa = PBXNativeTarget; buildConfigurationList = 25F5CA5C7B51585A9DF3F8CF; buildPhases = (4692FA28304B0BB311917972, D31002C37D38132B4A3B4DDD, FDB7BEF4EBD4567E662756F6, ); buildRules = (); dependencies = (73996D0FF31A2C017A5EAC0F, ); name = RingDriveUITests; packageProductDependencies = (); productName = RingDriveUITests; productReference = BBFBF3FB48A0FFE36B35F80C; productType = "com.apple.product-type.bundle.ui-testing";};
870B3294C0CBD48AF6BBCC1B = {isa = PBXGroup; children = (A420891D8704D65D10DD40E6, F96CD0C1E518D2F886567D2F, DC21677D5968ED7AB814418F, A4614973C3E8797D516CD7DC, 2DA9C2CEDC4AF39F26E17CDD, 7D2044A58961745E0005BC7F, E1724F595E2CF7D2F2A352CF, 1F5BE24C34ECF8C71839C833, 2253B6E24E6199FD6492B200, EEC4503C47082D5F68806761, 827F4D7DCDA84A86FACD8F94, D29EEED24203018D9C7C0883, 615B463D1028E4E24B674CF7, ); sourceTree = "<group>";};
615B463D1028E4E24B674CF7 = {isa = PBXGroup; children = (54D9F9126E6BF6E68CC794AD, 8EC59DBC8A0C30D94F2F6580, BBFBF3FB48A0FFE36B35F80C, ); name = Products; sourceTree = "<group>";};
AB52CB08E0FDF02BF6C67C33 = {isa = XCBuildConfiguration; buildSettings = {CLANG_ENABLE_MODULES = YES; ENABLE_USER_SCRIPT_SANDBOXING = YES; SWIFT_STRICT_CONCURRENCY = targeted; DEBUG_INFORMATION_FORMAT = dwarf;}; name = Debug;};
5283471FF90C511CFE244FFF = {isa = XCBuildConfiguration; buildSettings = {CLANG_ENABLE_MODULES = YES; ENABLE_USER_SCRIPT_SANDBOXING = YES; SWIFT_STRICT_CONCURRENCY = targeted; DEBUG_INFORMATION_FORMAT = dwarf;}; name = Release;};
640DC9EFD529235A8D9E2727 = {isa = XCConfigurationList; buildConfigurations = (AB52CB08E0FDF02BF6C67C33, 5283471FF90C511CFE244FFF, ); defaultConfigurationIsVisible = 0; defaultConfigurationName = Release;};
98F54143AB4E86B28C3AFEE0 = {isa = PBXProject; attributes = {LastUpgradeCheck = 2610; TargetAttributes = {05629C7D7E0B53FE335D208F = {TestTargetID = E0ADCAF8C9DEDECAE62C87AB;};};}; buildConfigurationList = 640DC9EFD529235A8D9E2727; compatibilityVersion = "Xcode 14.0"; developmentRegion = en; hasScannedForEncodings = 0; knownRegions = (en, Base, ); mainGroup = 870B3294C0CBD48AF6BBCC1B; packageReferences = (582681C2EAE02B3F3D399C0C, ); productRefGroup = 615B463D1028E4E24B674CF7; projectDirPath = ""; projectRoot = ""; targets = (E0ADCAF8C9DEDECAE62C87AB, 27C65A123966ECBE84B0367C, 05629C7D7E0B53FE335D208F, );};
}; rootObject = 98F54143AB4E86B28C3AFEE0;}
